
Microsoft Visual Studio Solution File, Format Version 12.00
# Visual Studio Version 17
VisualStudioVersion = 17.10.35004.147
MinimumVisualStudioVersion = 10.0.40219.1
Project("{FAE04EC0-301F-11D3-BF4B-00C04F79EFBC}") = "ElasticseachCrudAPI", "ElasticseachCrudAPI\ElasticseachCrudAPI.csproj", "{8CBBBCAA-4ADF-4A33-B568-DA0E15DD475B}"
EndProject
Global
	GlobalSection(SolutionConfigurationPlatforms) = preSolution
		Debug|Any CPU = Debug|Any CPU
		Release|Any CPU = Release|Any CPU
	EndGlobalSection
	GlobalSection(ProjectConfigurationPlatforms) = postSolution
		{8CBBBCAA-4ADF-4A33-B568-DA0E15DD475B}.Debug|Any CPU.ActiveCfg = Debug|Any CPU
		{8CBBBCAA-4ADF-4A33-B568-DA0E15DD475B}.Debug|Any CPU.Build.0 = Debug|Any CPU
		{8CBBBCAA-4ADF-4A33-B568-DA0E15DD475B}.Release|Any CPU.ActiveCfg = Release|Any CPU
		{8CBBBCAA-4ADF-4A33-B568-DA0E15DD475B}.Release|Any CPU.Build.0 = Release|Any CPU
	EndGlobalSection
	GlobalSection(SolutionProperties) = preSolution
		HideSolutionNode = FALSE
	EndGlobalSection
	GlobalSection(ExtensibilityGlobals) = postSolution
		SolutionGuid = {52D2B096-9F7F-4369-B811-F55A5F5E57C2}
	EndGlobalSection
EndGlobal
